
Microsoft Visual Studio Solution File, Format Version 12.00
# Visual Studio Version 17
VisualStudioVersion = 17.2.32616.157
MinimumVisualStudioVersion = 10.0.40219.1
Project("{9A19103F-16F7-4668-BE54-9A1E7A4F7556}") = "DataAccess", "DataAccess\DataAccess.csproj", "{31DAD1E6-0A7A-4E1C-8E2F-2B0E640F4FEA}"
EndProject
Project("{9A19103F-16F7-4668-BE54-9A1E7A4F7556}") = "Business", "Business\Business.csproj", "{48CD3934-DEF1-424B-910A-6878F9AD0DF1}"
EndProject
Project("{9A19103F-16F7-4668-BE54-9A1E7A4F7556}") = "Entities", "Entities\Entities.csproj", "{4591DE2E-A918-485B-8274-22E1A96F6457}"
EndProject
Project("{9A19103F-16F7-4668-BE54-9A1E7A4F7556}") = "ConsoleUI", "ConsoleUI\ConsoleUI.csproj", "{E242788C-C3BE-431C-B7EE-1632E41B1BDD}"
EndProject
Project("{9A19103F-16F7-4668-BE54-9A1E7A4F7556}") = "Core", "Core\Core.csproj", "{D8859A20-C6FE-413C-9416-CF72FD30FF97}"
EndProject
Project("{9A19103F-16F7-4668-BE54-9A1E7A4F7556}") = "WebAPI", "WebAPI\WebAPI.csproj", "{66CEB71A-D37A-45D5-A5E6-B725EC66EAF4}"
EndProject
Global
	GlobalSection(SolutionConfigurationPlatforms) = preSolution
		Debug|Any CPU = Debug|Any CPU
		Release|Any CPU = Release|Any CPU
	EndGlobalSection
	GlobalSection(ProjectConfigurationPlatforms) = postSolution
		{31DAD1E6-0A7A-4E1C-8E2F-2B0E640F4FEA}.Debug|Any CPU.ActiveCfg = Debug|Any CPU
		{31DAD1E6-0A7A-4E1C-8E2F-2B0E640F4FEA}.Debug|Any CPU.Build.0 = Debug|Any CPU
		{31DAD1E6-0A7A-4E1C-8E2F-2B0E640F4FEA}.Release|Any CPU.ActiveCfg = Release|Any CPU
		{31DAD1E6-0A7A-4E1C-8E2F-2B0E640F4FEA}.Release|Any CPU.Build.0 = Release|Any CPU
		{48CD3934-DEF1-424B-910A-6878F9AD0DF1}.Debug|Any CPU.ActiveCfg = Debug|Any CPU
		{48CD3934-DEF1-424B-910A-6878F9AD0DF1}.Debug|Any CPU.Build.0 = Debug|Any CPU
		{48CD3934-DEF1-424B-910A-6878F9AD0DF1}.Release|Any CPU.ActiveCfg = Release|Any CPU
		{48CD3934-DEF1-424B-910A-6878F9AD0DF1}.Release|Any CPU.Build.0 = Release|Any CPU
		{4591DE2E-A918-485B-8274-22E1A96F6457}.Debug|Any CPU.ActiveCfg = Debug|Any CPU
		{4591DE2E-A918-485B-8274-22E1A96F6457}.Debug|Any CPU.Build.0 = Debug|Any CPU
		{4591DE2E-A918-485B-8274-22E1A96F6457}.Release|Any CPU.ActiveCfg = Release|Any CPU
		{4591DE2E-A918-485B-8274-22E1A96F6457}.Release|Any CPU.Build.0 = Release|Any CPU
		{E242788C-C3BE-431C-B7EE-1632E41B1BDD}.Debug|Any CPU.ActiveCfg = Debug|Any CPU
		{E242788C-C3BE-431C-B7EE-1632E41B1BDD}.Debug|Any CPU.Build.0 = Debug|Any CPU
		{E242788C-C3BE-431C-B7EE-1632E41B1BDD}.Release|Any CPU.ActiveCfg = Release|Any CPU
		{E242788C-C3BE-431C-B7EE-1632E41B1BDD}.Release|Any CPU.Build.0 = Release|Any CPU
		{D8859A20-C6FE-413C-9416-CF72FD30FF97}.Debug|Any CPU.ActiveCfg = Debug|Any CPU
		{D8859A20-C6FE-413C-9416-CF72FD30FF97}.Debug|Any CPU.Build.0 = Debug|Any CPU
		{D8859A20-C6FE-413C-9416-CF72FD30FF97}.Release|Any CPU.ActiveCfg = Release|Any CPU
		{D8859A20-C6FE-413C-9416-CF72FD30FF97}.Release|Any CPU.Build.0 = Release|Any CPU
		{66CEB71A-D37A-45D5-A5E6-B725EC66EAF4}.Debug|Any CPU.ActiveCfg = Debug|Any CPU
		{66CEB71A-D37A-45D5-A5E6-B725EC66EAF4}.Debug|Any CPU.Build.0 = Debug|Any CPU
		{66CEB71A-D37A-45D5-A5E6-B725EC66EAF4}.Release|Any CPU.ActiveCfg = Release|Any CPU
		{66CEB71A-D37A-45D5-A5E6-B725EC66EAF4}.Release|Any CPU.Build.0 = Release|Any CPU
	EndGlobalSection
	GlobalSection(SolutionProperties) = preSolution
		HideSolutionNode = FALSE
	EndGlobalSection
	GlobalSection(ExtensibilityGlobals) = postSolution
		SolutionGuid = {9733FCD1-B345-421A-88FF-816E91CE83A9}
	EndGlobalSection
EndGlobal
